
Microsoft Visual Studio Solution File, Format Version 12.00
# Visual Studio 2012
Project("{FAE04EC0-301F-11D3-BF4B-00C04F79EFBC}") = "TodoKnockout", "TodoKnockout\TodoKnockout.csproj", "{AE81CF19-63A1-40C9-AF5D-4D4C00ABA051}"
EndProject
Global
	GlobalSection(SolutionConfigurationPlatforms) = preSolution
		Debug|Any CPU = Debug|Any CPU
		Release|Any CPU = Release|Any CPU
	EndGlobalSection
	GlobalSection(ProjectConfigurationPlatforms) = postSolution
		{AE81CF19-63A1-40C9-AF5D-4D4C00ABA051}.Debug|Any CPU.ActiveCfg = Debug|Any CPU
		{AE81CF19-63A1-40C9-AF5D-4D4C00ABA051}.Debug|Any CPU.Build.0 = Debug|Any CPU
		{AE81CF19-63A1-40C9-AF5D-4D4C00ABA051}.Release|Any CPU.ActiveCfg = Release|Any CPU
		{AE81CF19-63A1-40C9-AF5D-4D4C00ABA051}.Release|Any CPU.Build.0 = Release|Any CPU
	EndGlobalSection
	GlobalSection(SolutionProperties) = preSolution
		HideSolutionNode = FALSE
	EndGlobalSection
EndGlobal
